
Microsoft Visual Studio Solution File, Format Version 12.00
# Visual Studio Version 17
VisualStudioVersion = 17.9.34723.18
MinimumVisualStudioVersion = 10.0.40219.1
Project("{FAE04EC0-301F-11D3-BF4B-00C04F79EFBC}") = "Inheritanta", "Inheritanta\Inheritanta.csproj", "{489E6555-890C-4608-BFB4-104A70D0986F}"
EndProject
Project("{FAE04EC0-301F-11D3-BF4B-00C04F79EFBC}") = "Polimorfism", "Polimorfism\Polimorfism.csproj", "{EA09D671-8008-45F3-BBE0-5E3A784D4CFF}"
EndProject
Project("{FAE04EC0-301F-11D3-BF4B-00C04F79EFBC}") = "Abstractizare", "Abstractizare\Abstractizare.csproj", "{125F9586-9147-4B7C-B936-8DD059E6170F}"
EndProject
Project("{FAE04EC0-301F-11D3-BF4B-00C04F79EFBC}") = "Encapsulare", "Encapsulare\Encapsulare.csproj", "{8F3BBAF3-7DFB-4322-939A-219F79F90301}"
EndProject
Global
	GlobalSection(SolutionConfigurationPlatforms) = preSolution
		Debug|Any CPU = Debug|Any CPU
		Release|Any CPU = Release|Any CPU
	EndGlobalSection
	GlobalSection(ProjectConfigurationPlatforms) = postSolution
		{489E6555-890C-4608-BFB4-104A70D0986F}.Debug|Any CPU.ActiveCfg = Debug|Any CPU
		{489E6555-890C-4608-BFB4-104A70D0986F}.Debug|Any CPU.Build.0 = Debug|Any CPU
		{489E6555-890C-4608-BFB4-104A70D0986F}.Release|Any CPU.ActiveCfg = Release|Any CPU
		{489E6555-890C-4608-BFB4-104A70D0986F}.Release|Any CPU.Build.0 = Release|Any CPU
		{EA09D671-8008-45F3-BBE0-5E3A784D4CFF}.Debug|Any CPU.ActiveCfg = Debug|Any CPU
		{EA09D671-8008-45F3-BBE0-5E3A784D4CFF}.Debug|Any CPU.Build.0 = Debug|Any CPU
		{EA09D671-8008-45F3-BBE0-5E3A784D4CFF}.Release|Any CPU.ActiveCfg = Release|Any CPU
		{EA09D671-8008-45F3-BBE0-5E3A784D4CFF}.Release|Any CPU.Build.0 = Release|Any CPU
		{125F9586-9147-4B7C-B936-8DD059E6170F}.Debug|Any CPU.ActiveCfg = Debug|Any CPU
		{125F9586-9147-4B7C-B936-8DD059E6170F}.Debug|Any CPU.Build.0 = Debug|Any CPU
		{125F9586-9147-4B7C-B936-8DD059E6170F}.Release|Any CPU.ActiveCfg = Release|Any CPU
		{125F9586-9147-4B7C-B936-8DD059E6170F}.Release|Any CPU.Build.0 = Release|Any CPU
		{8F3BBAF3-7DFB-4322-939A-219F79F90301}.Debug|Any CPU.ActiveCfg = Debug|Any CPU
		{8F3BBAF3-7DFB-4322-939A-219F79F90301}.Debug|Any CPU.Build.0 = Debug|Any CPU
		{8F3BBAF3-7DFB-4322-939A-219F79F90301}.Release|Any CPU.ActiveCfg = Release|Any CPU
		{8F3BBAF3-7DFB-4322-939A-219F79F90301}.Release|Any CPU.Build.0 = Release|Any CPU
	EndGlobalSection
	GlobalSection(SolutionProperties) = preSolution
		HideSolutionNode = FALSE
	EndGlobalSection
	GlobalSection(ExtensibilityGlobals) = postSolution
		SolutionGuid = {71206D11-7586-41AB-8D2D-F746415BA679}
	EndGlobalSection
EndGlobal
